
Microsoft Visual Studio Solution File, Format Version 12.00
# Visual Studio Version 16
VisualStudioVersion = 16.0.29806.167
MinimumVisualStudioVersion = 10.0.40219.1
Project("{FAE04EC0-301F-11D3-BF4B-00C04F79EFBC}") = "Contagion", "Contagion.csproj", "{6CC44B62-226E-4B36-B7EB-8C938F9976B3}"
EndProject
Global
	GlobalSection(SolutionConfigurationPlatforms) = preSolution
		Debug|Any CPU = Debug|Any CPU
		Release|Any CPU = Release|Any CPU
	EndGlobalSection
	GlobalSection(ProjectConfigurationPlatforms) = postSolution
		{6CC44B62-226E-4B36-B7EB-8C938F9976B3}.Debug|Any CPU.ActiveCfg = Debug|Any CPU
		{6CC44B62-226E-4B36-B7EB-8C938F9976B3}.Debug|Any CPU.Build.0 = Debug|Any CPU
		{6CC44B62-226E-4B36-B7EB-8C938F9976B3}.Release|Any CPU.ActiveCfg = Release|Any CPU
		{6CC44B62-226E-4B36-B7EB-8C938F9976B3}.Release|Any CPU.Build.0 = Release|Any CPU
	EndGlobalSection
	GlobalSection(SolutionProperties) = preSolution
		HideSolutionNode = FALSE
	EndGlobalSection
	GlobalSection(ExtensibilityGlobals) = postSolution
		SolutionGuid = {E57F38CE-41B6-4515-A63B-4A1B2ABDBB7E}
	EndGlobalSection
EndGlobal
